
Microsoft Visual Studio Solution File, Format Version 12.00
# Visual Studio Version 16
VisualStudioVersion = 16.0.30611.23
MinimumVisualStudioVersion = 10.0.40219.1
Project("{FAE04EC0-301F-11D3-BF4B-00C04F79EFBC}") = "ConsoleApp3", "ConsoleApp3\ConsoleApp3.csproj", "{33EBB7F0-06C2-4A2B-A126-9B3A72C24416}"
EndProject
Global
	GlobalSection(SolutionConfigurationPlatforms) = preSolution
		Debug|Any CPU = Debug|Any CPU
		Release|Any CPU = Release|Any CPU
	EndGlobalSection
	GlobalSection(ProjectConfigurationPlatforms) = postSolution
		{33EBB7F0-06C2-4A2B-A126-9B3A72C24416}.Debug|Any CPU.ActiveCfg = Debug|Any CPU
		{33EBB7F0-06C2-4A2B-A126-9B3A72C24416}.Debug|Any CPU.Build.0 = Debug|Any CPU
		{33EBB7F0-06C2-4A2B-A126-9B3A72C24416}.Release|Any CPU.ActiveCfg = Release|Any CPU
		{33EBB7F0-06C2-4A2B-A126-9B3A72C24416}.Release|Any CPU.Build.0 = Release|Any CPU
	EndGlobalSection
	GlobalSection(SolutionProperties) = preSolution
		HideSolutionNode = FALSE
	EndGlobalSection
	GlobalSection(ExtensibilityGlobals) = postSolution
		SolutionGuid = {B0C7F128-A766-4EC6-BCC8-CC05B3D5B11F}
	EndGlobalSection
EndGlobal
